<?xml version="1.0" encoding="utf-8"?>
<Project ToolsVersion="4.0" xmlns="http://schemas.microsoft.com/developer/msbuild/2003">
  <ItemGroup>
    <Filter Include="Source Files">
      <UniqueIdentifier>{4FC737F1-C7A5-4376-A066-2A32D752A2FF}</UniqueIdentifier>
      <Extensions>cpp;c;cc;cxx;c++;cppm;ixx;def;odl;idl;hpj;bat;asm;asmx</Extensions>
    </Filter>
    <Filter Include="Header Files">
      <UniqueIdentifier>{93995380-89BD-4b04-88EB-625FBE52EBFB}</UniqueIdentifier>
      <Extensions>h;hh;hpp;hxx;h++;hm;inl;inc;ipp;xsd</Extensions>
    </Filter>
    <Filter Include="Resource Files">
      <UniqueIdentifier>{67DA6AB6-F800-4c08-8B7A-83BB121AAD01}</UniqueIdentifier>
      <Extensions>rc;ico;cur;bmp;dlg;rc2;rct;bin;rgs;gif;jpg;jpeg;jpe;resx;tiff;tif;png;wav;mfcribbon-ms</Extensions>
    </Filter>
    <Filter Include="VAO Manager">
      <UniqueIdentifier>{a0eba955-20f2-45e0-aa82-bef21b13e438}</UniqueIdentifier>
    </Filter>
    <Filter Include="Shader Manager">
      <UniqueIdentifier>{a53b6768-1871-4c37-bb15-d6be09d1bd05}</UniqueIdentifier>
    </Filter>
    <Filter Include="Particle Manager">
      <UniqueIdentifier>{0c2cfbc3-a6b9-4895-8a80-c281811c8242}</UniqueIdentifier>
    </Filter>
    <Filter Include="File Stream">
      <UniqueIdentifier>{1631ed7c-554e-478b-ac6d-bea5e16a975e}</UniqueIdentifier>
    </Filter>
    <Filter Include="Shaders">
      <UniqueIdentifier>{5c31fb2a-e321-4de9-8dc6-6504b3ac153b}</UniqueIdentifier>
    </Filter>
    <Filter Include="Dear ImGui">
      <UniqueIdentifier>{011c440d-81db-48f3-bdd2-aae67f7ce0a5}</UniqueIdentifier>
    </Filter>
    <Filter Include="Render Crosshair">
      <UniqueIdentifier>{c7b11abb-114f-46a4-87bf-60165f76eb63}</UniqueIdentifier>
    </Filter>
  </ItemGroup>
  <ItemGroup>
    <ClCompile Include="Primitives.cpp">
      <Filter>Source Files</Filter>
    </ClCompile>
    <ClCompile Include="DrawBoundingBox.cpp">
      <Filter>Source Files</Filter>
    </ClCompile>
    <ClCompile Include="glad.c">
      <Filter>Source Files</Filter>
    </ClCompile>
    <ClCompile Include="LoadModel.cpp">
      <Filter>Source Files</Filter>
    </ClCompile>
    <ClCompile Include="main.cpp">
      <Filter>Source Files</Filter>
    </ClCompile>
    <ClCompile Include="MeshInfo.cpp">
      <Filter>Source Files</Filter>
    </ClCompile>
    <ClCompile Include="TestCollision.cpp">
      <Filter>Source Files</Filter>
    </ClCompile>
    <ClCompile Include="cVAOManager\cVAOManager.cpp">
      <Filter>VAO Manager</Filter>
    </ClCompile>
    <ClCompile Include="cShaderManager\cShader.cpp">
      <Filter>Shader Manager</Filter>
    </ClCompile>
    <ClCompile Include="cShaderManager\cShaderManager.cpp">
      <Filter>Shader Manager</Filter>
    </ClCompile>
    <ClCompile Include="Particle.cpp">
      <Filter>Particle Manager</Filter>
    </ClCompile>
    <ClCompile Include="ParticleAccelerator.cpp">
      <Filter>Particle Manager</Filter>
    </ClCompile>
    <ClCompile Include="imgui\imgui.cpp">
      <Filter>Dear ImGui</Filter>
    </ClCompile>
    <ClCompile Include="imgui\imgui_demo.cpp">
      <Filter>Dear ImGui</Filter>
    </ClCompile>
    <ClCompile Include="imgui\imgui_draw.cpp">
      <Filter>Dear ImGui</Filter>
    </ClCompile>
    <ClCompile Include="imgui\imgui_impl_glfw.cpp">
      <Filter>Dear ImGui</Filter>
    </ClCompile>
    <ClCompile Include="imgui\imgui_impl_opengl3.cpp">
      <Filter>Dear ImGui</Filter>
    </ClCompile>
    <ClCompile Include="imgui\imgui_tables.cpp">
      <Filter>Dear ImGui</Filter>
    </ClCompile>
    <ClCompile Include="imgui\imgui_widgets.cpp">
      <Filter>Dear ImGui</Filter>
    </ClCompile>
    <ClCompile Include="cRenderReticle.cpp">
      <Filter>Render Crosshair</Filter>
    </ClCompile>
  </ItemGroup>
  <ItemGroup>
    <ClInclude Include="cVAOManager\cVAOManager.h">
      <Filter>VAO Manager</Filter>
    </ClInclude>
    <ClInclude Include="cShaderManager\cShaderManager.h">
      <Filter>Shader Manager</Filter>
    </ClInclude>
    <ClInclude Include="Particle.h">
      <Filter>Particle Manager</Filter>
    </ClInclude>
    <ClInclude Include="ParticleAccelerator.h">
      <Filter>Particle Manager</Filter>
    </ClInclude>
    <ClInclude Include="Primitives.h">
      <Filter>Header Files</Filter>
    </ClInclude>
    <ClInclude Include="DrawBoundingBox.h">
      <Filter>Header Files</Filter>
    </ClInclude>
    <ClInclude Include="LoadModel.h">
      <Filter>Header Files</Filter>
    </ClInclude>
    <ClInclude Include="MeshInfo.h">
      <Filter>Header Files</Filter>
    </ClInclude>
    <ClInclude Include="OpenGL.h">
      <Filter>Header Files</Filter>
    </ClInclude>
    <ClInclude Include="TestCollision.h">
      <Filter>Header Files</Filter>
    </ClInclude>
    <ClInclude Include="imgui\imconfig.h">
      <Filter>Dear ImGui</Filter>
    </ClInclude>
    <ClInclude Include="imgui\imgui.h">
      <Filter>Dear ImGui</Filter>
    </ClInclude>
    <ClInclude Include="imgui\imgui_impl_glfw.h">
      <Filter>Dear ImGui</Filter>
    </ClInclude>
    <ClInclude Include="imgui\imgui_impl_opengl3.h">
      <Filter>Dear ImGui</Filter>
    </ClInclude>
    <ClInclude Include="imgui\imgui_impl_opengl3_loader.h">
      <Filter>Dear ImGui</Filter>
    </ClInclude>
    <ClInclude Include="imgui\imgui_internal.h">
      <Filter>Dear ImGui</Filter>
    </ClInclude>
    <ClInclude Include="imgui\imstb_rectpack.h">
      <Filter>Dear ImGui</Filter>
    </ClInclude>
    <ClInclude Include="imgui\imstb_textedit.h">
      <Filter>Dear ImGui</Filter>
    </ClInclude>
    <ClInclude Include="imgui\imstb_truetype.h">
      <Filter>Dear ImGui</Filter>
    </ClInclude>
    <ClInclude Include="cRenderReticle.h">
      <Filter>Render Crosshair</Filter>
    </ClInclude>
  </ItemGroup>
  <ItemGroup>
    <Text Include="readFile.txt">
      <Filter>File Stream</Filter>
    </Text>
    <Text Include="sceneDescription.txt">
      <Filter>File Stream</Filter>
    </Text>
    <Text Include="cameraEye.txt">
      <Filter>File Stream</Filter>
    </Text>
    <Text Include="imgui\LICENSE.txt">
      <Filter>Dear ImGui</Filter>
    </Text>
  </ItemGroup>
  <ItemGroup>
    <None Include="shaders\vertexShader.glsl">
      <Filter>Shaders</Filter>
    </None>
    <None Include="shaders\fragmentShader.glsl">
      <Filter>Shaders</Filter>
    </None>
  </ItemGroup>
</Project>